// !$*UTF8*$!
{
	archiveVersion = 1;
	classes = {
	};
	objectVersion = 55;
	objects = {

/* Begin PBXBuildFile section */
		8615844E273AB36D00A37B86 /* TouchdownApp.swift in Sources */ = {isa = PBXBuildFile; fileRef = 8615844D273AB36D00A37B86 /* TouchdownApp.swift */; };
		86158450273AB36D00A37B86 /* ContentView.swift in Sources */ = {isa = PBXBuildFile; fileRef = 8615844F273AB36D00A37B86 /* ContentView.swift */; };
		86158452273AB37000A37B86 /* Assets.xcassets in Resources */ = {isa = PBXBuildFile; fileRef = 86158451273AB37000A37B86 /* Assets.xcassets */; };
		86158455273AB37000A37B86 /* Preview Assets.xcassets in Resources */ = {isa = PBXBuildFile; fileRef = 86158454273AB37000A37B86 /* Preview Assets.xcassets */; };
		86158463273AB8AF00A37B86 /* product.json in Resources */ = {isa = PBXBuildFile; fileRef = 8615845F273AB8AF00A37B86 /* product.json */; };
		86158464273AB8AF00A37B86 /* brand.json in Resources */ = {isa = PBXBuildFile; fileRef = 86158460273AB8AF00A37B86 /* brand.json */; };
		86158465273AB8AF00A37B86 /* category.json in Resources */ = {isa = PBXBuildFile; fileRef = 86158461273AB8AF00A37B86 /* category.json */; };
		86158466273AB8AF00A37B86 /* player.json in Resources */ = {isa = PBXBuildFile; fileRef = 86158462273AB8AF00A37B86 /* player.json */; };
		8615846C273ABB6F00A37B86 /* Brand.swift in Sources */ = {isa = PBXBuildFile; fileRef = 8615846B273ABB6F00A37B86 /* Brand.swift */; };
		8615846E273ABBBA00A37B86 /* Category.swift in Sources */ = {isa = PBXBuildFile; fileRef = 8615846D273ABBBA00A37B86 /* Category.swift */; };
		86158470273ABC0400A37B86 /* Player.swift in Sources */ = {isa = PBXBuildFile; fileRef = 8615846F273ABC0400A37B86 /* Player.swift */; };
		86158472273ABC2C00A37B86 /* Product.swift in Sources */ = {isa = PBXBuildFile; fileRef = 86158471273ABC2C00A37B86 /* Product.swift */; };
		86158474273ABD4600A37B86 /* Constants.swift in Sources */ = {isa = PBXBuildFile; fileRef = 86158473273ABD4600A37B86 /* Constants.swift */; };
		86158476273ABD8900A37B86 /* DataHandler.swift in Sources */ = {isa = PBXBuildFile; fileRef = 86158475273ABD8900A37B86 /* DataHandler.swift */; };
		86158479273AC2C900A37B86 /* FooterView.swift in Sources */ = {isa = PBXBuildFile; fileRef = 86158478273AC2C900A37B86 /* FooterView.swift */; };
		8615847C273AC87400A37B86 /* NavigationBarView.swift in Sources */ = {isa = PBXBuildFile; fileRef = 8615847B273AC87300A37B86 /* NavigationBarView.swift */; };
		8615847E273ACA0700A37B86 /* LogoView.swift in Sources */ = {isa = PBXBuildFile; fileRef = 8615847D273ACA0700A37B86 /* LogoView.swift */; };
		866CF780273BB888006785D0 /* FeaturedItemView.swift in Sources */ = {isa = PBXBuildFile; fileRef = 866CF77F273BB888006785D0 /* FeaturedItemView.swift */; };
		866CF782273BB965006785D0 /* FeaturedTabView.swift in Sources */ = {isa = PBXBuildFile; fileRef = 866CF781273BB965006785D0 /* FeaturedTabView.swift */; };
		866CF784273BC022006785D0 /* CategoryItemView.swift in Sources */ = {isa = PBXBuildFile; fileRef = 866CF783273BC022006785D0 /* CategoryItemView.swift */; };
		866CF786273BC249006785D0 /* CategoryGridView.swift in Sources */ = {isa = PBXBuildFile; fileRef = 866CF785273BC249006785D0 /* CategoryGridView.swift */; };
		866CF788273BC3D5006785D0 /* SectionView.swift in Sources */ = {isa = PBXBuildFile; fileRef = 866CF787273BC3D5006785D0 /* SectionView.swift */; };
/* End PBXBuildFile section */

/* Begin PBXFileReference section */
		8615844A273AB36D00A37B86 /* Touchdown.app */ = {isa = PBXFileReference; explicitFileType = wrapper.application; includeInIndex = 0; path = Touchdown.app; sourceTree = BUILT_PRODUCTS_DIR; };
		8615844D273AB36D00A37B86 /* TouchdownApp.swift */ = {isa = PBXFileReference; lastKnownFileType = sourcecode.swift; path = TouchdownApp.swift; sourceTree = "<group>"; };
		8615844F273AB36D00A37B86 /* ContentView.swift */ = {isa = PBXFileReference; lastKnownFileType = sourcecode.swift; path = ContentView.swift; sourceTree = "<group>"; };
		86158451273AB37000A37B86 /* Assets.xcassets */ = {isa = PBXFileReference; lastKnownFileType = folder.assetcatalog; path = Assets.xcassets; sourceTree = "<group>"; };
		86158454273AB37000A37B86 /* Preview Assets.xcassets */ = {isa = PBXFileReference; lastKnownFileType = folder.assetcatalog; path = "Preview Assets.xcassets"; sourceTree = "<group>"; };
		8615845F273AB8AF00A37B86 /* product.json */ = {isa = PBXFileReference; fileEncoding = 4; lastKnownFileType = text.json; path = product.json; sourceTree = "<group>"; };
		86158460273AB8AF00A37B86 /* brand.json */ = {isa = PBXFileReference; fileEncoding = 4; lastKnownFileType = text.json; path = brand.json; sourceTree = "<group>"; };
		86158461273AB8AF00A37B86 /* category.json */ = {isa = PBXFileReference; fileEncoding = 4; lastKnownFileType = text.json; path = category.json; sourceTree = "<group>"; };
		86158462273AB8AF00A37B86 /* player.json */ = {isa = PBXFileReference; fileEncoding = 4; lastKnownFileType = text.json; path = player.json; sourceTree = "<group>"; };
		8615846A273AB9EF00A37B86 /* Info.plist */ = {isa = PBXFileReference; lastKnownFileType = text.plist; path = Info.plist; sourceTree = "<group>"; };
		8615846B273ABB6F00A37B86 /* Brand.swift */ = {isa = PBXFileReference; lastKnownFileType = sourcecode.swift; path = Brand.swift; sourceTree = "<group>"; };
		8615846D273ABBBA00A37B86 /* Category.swift */ = {isa = PBXFileReference; lastKnownFileType = sourcecode.swift; path = Category.swift; sourceTree = "<group>"; };
		8615846F273ABC0400A37B86 /* Player.swift */ = {isa = PBXFileReference; lastKnownFileType = sourcecode.swift; path = Player.swift; sourceTree = "<group>"; };
		86158471273ABC2C00A37B86 /* Product.swift */ = {isa = PBXFileReference; lastKnownFileType = sourcecode.swift; path = Product.swift; sourceTree = "<group>"; };
		86158473273ABD4600A37B86 /* Constants.swift */ = {isa = PBXFileReference; lastKnownFileType = sourcecode.swift; path = Constants.swift; sourceTree = "<group>"; };
		86158475273ABD8900A37B86 /* DataHandler.swift */ = {isa = PBXFileReference; lastKnownFileType = sourcecode.swift; path = DataHandler.swift; sourceTree = "<group>"; };
		86158478273AC2C900A37B86 /* FooterView.swift */ = {isa = PBXFileReference; lastKnownFileType = sourcecode.swift; path = FooterView.swift; sourceTree = "<group>"; };
		8615847B273AC87300A37B86 /* NavigationBarView.swift */ = {isa = PBXFileReference; lastKnownFileType = sourcecode.swift; path = NavigationBarView.swift; sourceTree = "<group>"; };
		8615847D273ACA0700A37B86 /* LogoView.swift */ = {isa = PBXFileReference; lastKnownFileType = sourcecode.swift; path = LogoView.swift; sourceTree = "<group>"; };
		866CF77F273BB888006785D0 /* FeaturedItemView.swift */ = {isa = PBXFileReference; lastKnownFileType = sourcecode.swift; path = FeaturedItemView.swift; sourceTree = "<group>"; };
		866CF781273BB965006785D0 /* FeaturedTabView.swift */ = {isa = PBXFileReference; lastKnownFileType = sourcecode.swift; path = FeaturedTabView.swift; sourceTree = "<group>"; };
		866CF783273BC022006785D0 /* CategoryItemView.swift */ = {isa = PBXFileReference; lastKnownFileType = sourcecode.swift; path = CategoryItemView.swift; sourceTree = "<group>"; };
		866CF785273BC249006785D0 /* CategoryGridView.swift */ = {isa = PBXFileReference; lastKnownFileType = sourcecode.swift; path = CategoryGridView.swift; sourceTree = "<group>"; };
		866CF787273BC3D5006785D0 /* SectionView.swift */ = {isa = PBXFileReference; lastKnownFileType = sourcecode.swift; path = SectionView.swift; sourceTree = "<group>"; };
/* End PBXFileReference section */

/* Begin PBXFrameworksBuildPhase section */
		86158447273AB36D00A37B86 /* Frameworks */ = {
			isa = PBXFrameworksBuildPhase;
			buildActionMask = 2147483647;
			files = (
			);
			runOnlyForDeploymentPostprocessing = 0;
		};
/* End PBXFrameworksBuildPhase section */

/* Begin PBXGroup section */
		86158441273AB36D00A37B86 = {
			isa = PBXGroup;
			children = (
				8615844C273AB36D00A37B86 /* Touchdown */,
				8615844B273AB36D00A37B86 /* Products */,
			);
			sourceTree = "<group>";
		};
		8615844B273AB36D00A37B86 /* Products */ = {
			isa = PBXGroup;
			children = (
				8615844A273AB36D00A37B86 /* Touchdown.app */,
			);
			name = Products;
			sourceTree = "<group>";
		};
		8615844C273AB36D00A37B86 /* Touchdown */ = {
			isa = PBXGroup;
			children = (
				8615846A273AB9EF00A37B86 /* Info.plist */,
				86158451273AB37000A37B86 /* Assets.xcassets */,
				8615845B273AB38D00A37B86 /* App */,
				8615845E273AB89D00A37B86 /* Data */,
				86158467273AB92E00A37B86 /* Model */,
				86158453273AB37000A37B86 /* Preview Content */,
				86158468273AB93A00A37B86 /* Utility */,
				86158469273AB94200A37B86 /* View */,
			);
			path = Touchdown;
			sourceTree = "<group>";
		};
		86158453273AB37000A37B86 /* Preview Content */ = {
			isa = PBXGroup;
			children = (
				86158454273AB37000A37B86 /* Preview Assets.xcassets */,
			);
			path = "Preview Content";
			sourceTree = "<group>";
		};
		8615845B273AB38D00A37B86 /* App */ = {
			isa = PBXGroup;
			children = (
				8615844F273AB36D00A37B86 /* ContentView.swift */,
				8615844D273AB36D00A37B86 /* TouchdownApp.swift */,
			);
			path = App;
			sourceTree = "<group>";
		};
		8615845E273AB89D00A37B86 /* Data */ = {
			isa = PBXGroup;
			children = (
				86158460273AB8AF00A37B86 /* brand.json */,
				86158461273AB8AF00A37B86 /* category.json */,
				86158462273AB8AF00A37B86 /* player.json */,
				8615845F273AB8AF00A37B86 /* product.json */,
			);
			path = Data;
			sourceTree = "<group>";
		};
		86158467273AB92E00A37B86 /* Model */ = {
			isa = PBXGroup;
			children = (
				8615846B273ABB6F00A37B86 /* Brand.swift */,
				8615846D273ABBBA00A37B86 /* Category.swift */,
				8615846F273ABC0400A37B86 /* Player.swift */,
				86158471273ABC2C00A37B86 /* Product.swift */,
			);
			path = Model;
			sourceTree = "<group>";
		};
		86158468273AB93A00A37B86 /* Utility */ = {
			isa = PBXGroup;
			children = (
				86158473273ABD4600A37B86 /* Constants.swift */,
				86158475273ABD8900A37B86 /* DataHandler.swift */,
			);
			path = Utility;
			sourceTree = "<group>";
		};
		86158469273AB94200A37B86 /* View */ = {
			isa = PBXGroup;
			children = (
				8615847A273AC33400A37B86 /* Detail */,
				86158477273ABFFB00A37B86 /* Home */,
			);
			path = View;
			sourceTree = "<group>";
		};
		86158477273ABFFB00A37B86 /* Home */ = {
			isa = PBXGroup;
			children = (
				866CF785273BC249006785D0 /* CategoryGridView.swift */,
				866CF783273BC022006785D0 /* CategoryItemView.swift */,
				866CF77F273BB888006785D0 /* FeaturedItemView.swift */,
				866CF781273BB965006785D0 /* FeaturedTabView.swift */,
				86158478273AC2C900A37B86 /* FooterView.swift */,
				8615847D273ACA0700A37B86 /* LogoView.swift */,
				8615847B273AC87300A37B86 /* NavigationBarView.swift */,
				866CF787273BC3D5006785D0 /* SectionView.swift */,
			);
			path = Home;
			sourceTree = "<group>";
		};
		8615847A273AC33400A37B86 /* Detail */ = {
			isa = PBXGroup;
			children = (
			);
			path = Detail;
			sourceTree = "<group>";
		};
/* End PBXGroup section */

/* Begin PBXNativeTarget section */
		86158449273AB36D00A37B86 /* Touchdown */ = {
			isa = PBXNativeTarget;
			buildConfigurationList = 86158458273AB37000A37B86 /* Build configuration list for PBXNativeTarget "Touchdown" */;
			buildPhases = (
				86158446273AB36D00A37B86 /* Sources */,
				86158447273AB36D00A37B86 /* Frameworks */,
				86158448273AB36D00A37B86 /* Resources */,
			);
			buildRules = (
			);
			dependencies = (
			);
			name = Touchdown;
			productName = Touchdown;
			productReference = 8615844A273AB36D00A37B86 /* Touchdown.app */;
			productType = "com.apple.product-type.application";
		};
/* End PBXNativeTarget section */

/* Begin PBXProject section */
		86158442273AB36D00A37B86 /* Project object */ = {
			isa = PBXProject;
			attributes = {
				BuildIndependentTargetsInParallel = 1;
				LastSwiftUpdateCheck = 1310;
				LastUpgradeCheck = 1310;
				TargetAttributes = {
					86158449273AB36D00A37B86 = {
						CreatedOnToolsVersion = 13.1;
					};
				};
			};
			buildConfigurationList = 86158445273AB36D00A37B86 /* Build configuration list for PBXProject "Touchdown" */;
			compatibilityVersion = "Xcode 13.0";
			developmentRegion = en;
			hasScannedForEncodings = 0;
			knownRegions = (
				en,
				Base,
			);
			mainGroup = 86158441273AB36D00A37B86;
			productRefGroup = 8615844B273AB36D00A37B86 /* Products */;
			projectDirPath = "";
			projectRoot = "";
			targets = (
				86158449273AB36D00A37B86 /* Touchdown */,
			);
		};
/* End PBXProject section */

/* Begin PBXResourcesBuildPhase section */
		86158448273AB36D00A37B86 /* Resources */ = {
			isa = PBXResourcesBuildPhase;
			buildActionMask = 2147483647;
			files = (
				86158466273AB8AF00A37B86 /* player.json in Resources */,
				86158455273AB37000A37B86 /* Preview Assets.xcassets in Resources */,
				86158464273AB8AF00A37B86 /* brand.json in Resources */,
				86158465273AB8AF00A37B86 /* category.json in Resources */,
				86158452273AB37000A37B86 /* Assets.xcassets in Resources */,
				86158463273AB8AF00A37B86 /* product.json in Resources */,
			);
			runOnlyForDeploymentPostprocessing = 0;
		};
/* End PBXResourcesBuildPhase section */

/* Begin PBXSourcesBuildPhase section */
		86158446273AB36D00A37B86 /* Sources */ = {
			isa = PBXSourcesBuildPhase;
			buildActionMask = 2147483647;
			files = (
				86158450273AB36D00A37B86 /* ContentView.swift in Sources */,
				8615846C273ABB6F00A37B86 /* Brand.swift in Sources */,
				8615847E273ACA0700A37B86 /* LogoView.swift in Sources */,
				866CF786273BC249006785D0 /* CategoryGridView.swift in Sources */,
				866CF784273BC022006785D0 /* CategoryItemView.swift in Sources */,
				8615844E273AB36D00A37B86 /* TouchdownApp.swift in Sources */,
				86158479273AC2C900A37B86 /* FooterView.swift in Sources */,
				866CF782273BB965006785D0 /* FeaturedTabView.swift in Sources */,
				8615847C273AC87400A37B86 /* NavigationBarView.swift in Sources */,
				86158470273ABC0400A37B86 /* Player.swift in Sources */,
				866CF780273BB888006785D0 /* FeaturedItemView.swift in Sources */,
				86158476273ABD8900A37B86 /* DataHandler.swift in Sources */,
				866CF788273BC3D5006785D0 /* SectionView.swift in Sources */,
				86158474273ABD4600A37B86 /* Constants.swift in Sources */,
				8615846E273ABBBA00A37B86 /* Category.swift in Sources */,
				86158472273ABC2C00A37B86 /* Product.swift in Sources */,
			);
			runOnlyForDeploymentPostprocessing = 0;
		};
/* End PBXSourcesBuildPhase section */

/* Begin XCBuildConfiguration section */
		86158456273AB37000A37B86 /* Debug */ = {
			isa = XCBuildConfiguration;
			buildSettings = {
				ALWAYS_SEARCH_USER_PATHS = NO;
				CLANG_ANALYZER_NONNULL = YES;
				CLANG_ANALYZER_NUMBER_OBJECT_CONVERSION = YES_AGGRESSIVE;
				CLANG_CXX_LANGUAGE_STANDARD = "gnu++17";
				CLANG_CXX_LIBRARY = "libc++";
				CLANG_ENABLE_MODULES = YES;
				CLANG_ENABLE_OBJC_ARC = YES;
				CLANG_ENABLE_OBJC_WEAK = YES;
				CLANG_WARN_BLOCK_CAPTURE_AUTORELEASING = YES;
				CLANG_WARN_BOOL_CONVERSION = YES;
				CLANG_WARN_COMMA = YES;
				CLANG_WARN_CONSTANT_CONVERSION = YES;
				CLANG_WARN_DEPRECATED_OBJC_IMPLEMENTATIONS = YES;
				CLANG_WARN_DIRECT_OBJC_ISA_USAGE = YES_ERROR;
				CLANG_WARN_DOCUMENTATION_COMMENTS = YES;
				CLANG_WARN_EMPTY_BODY = YES;
				CLANG_WARN_ENUM_CONVERSION = YES;
				CLANG_WARN_INFINITE_RECURSION = YES;
				CLANG_WARN_INT_CONVERSION = YES;
				CLANG_WARN_NON_LITERAL_NULL_CONVERSION = YES;
				CLANG_WARN_OBJC_IMPLICIT_RETAIN_SELF = YES;
				CLANG_WARN_OBJC_LITERAL_CONVERSION = YES;
				CLANG_WARN_OBJC_ROOT_CLASS = YES_ERROR;
				CLANG_WARN_QUOTED_INCLUDE_IN_FRAMEWORK_HEADER = YES;
				CLANG_WARN_RANGE_LOOP_ANALYSIS = YES;
				CLANG_WARN_STRICT_PROTOTYPES = YES;
				CLANG_WARN_SUSPICIOUS_MOVE = YES;
				CLANG_WARN_UNGUARDED_AVAILABILITY = YES_AGGRESSIVE;
				CLANG_WARN_UNREACHABLE_CODE = YES;
				CLANG_WARN__DUPLICATE_METHOD_MATCH = YES;
				COPY_PHASE_STRIP = NO;
				DEBUG_INFORMATION_FORMAT = dwarf;
				ENABLE_STRICT_OBJC_MSGSEND = YES;
				ENABLE_TESTABILITY = YES;
				GCC_C_LANGUAGE_STANDARD = gnu11;
				GCC_DYNAMIC_NO_PIC = NO;
				GCC_NO_COMMON_BLOCKS = YES;
				GCC_OPTIMIZATION_LEVEL = 0;
				GCC_PREPROCESSOR_DEFINITIONS = (
					"DEBUG=1",
					"$(inherited)",
				);
				GCC_WARN_64_TO_32_BIT_CONVERSION = YES;
				GCC_WARN_ABOUT_RETURN_TYPE = YES_ERROR;
				GCC_WARN_UNDECLARED_SELECTOR = YES;
				GCC_WARN_UNINITIALIZED_AUTOS = YES_AGGRESSIVE;
				GCC_WARN_UNUSED_FUNCTION = YES;
				GCC_WARN_UNUSED_VARIABLE = YES;
				IPHONEOS_DEPLOYMENT_TARGET = 15.0;
				MTL_ENABLE_DEBUG_INFO = INCLUDE_SOURCE;
				MTL_FAST_MATH = YES;
				ONLY_ACTIVE_ARCH = YES;
				SDKROOT = iphoneos;
				SWIFT_ACTIVE_COMPILATION_CONDITIONS = DEBUG;
				SWIFT_OPTIMIZATION_LEVEL = "-Onone";
			};
			name = Debug;
		};
		86158457273AB37000A37B86 /* Release */ = {
			isa = XCBuildConfiguration;
			buildSettings = {
				ALWAYS_SEARCH_USER_PATHS = NO;
				CLANG_ANALYZER_NONNULL = YES;
				CLANG_ANALYZER_NUMBER_OBJECT_CONVERSION = YES_AGGRESSIVE;
				CLANG_CXX_LANGUAGE_STANDARD = "gnu++17";
				CLANG_CXX_LIBRARY = "libc++";
				CLANG_ENABLE_MODULES = YES;
				CLANG_ENABLE_OBJC_ARC = YES;
				CLANG_ENABLE_OBJC_WEAK = YES;
				CLANG_WARN_BLOCK_CAPTURE_AUTORELEASING = YES;
				CLANG_WARN_BOOL_CONVERSION = YES;
				CLANG_WARN_COMMA = YES;
				CLANG_WARN_CONSTANT_CONVERSION = YES;
				CLANG_WARN_DEPRECATED_OBJC_IMPLEMENTATIONS = YES;
				CLANG_WARN_DIRECT_OBJC_ISA_USAGE = YES_ERROR;
				CLANG_WARN_DOCUMENTATION_COMMENTS = YES;
				CLANG_WARN_EMPTY_BODY = YES;
				CLANG_WARN_ENUM_CONVERSION = YES;
				CLANG_WARN_INFINITE_RECURSION = YES;
				CLANG_WARN_INT_CONVERSION = YES;
				CLANG_WARN_NON_LITERAL_NULL_CONVERSION = YES;
				CLANG_WARN_OBJC_IMPLICIT_RETAIN_SELF = YES;
				CLANG_WARN_OBJC_LITERAL_CONVERSION = YES;
				CLANG_WARN_OBJC_ROOT_CLASS = YES_ERROR;
				CLANG_WARN_QUOTED_INCLUDE_IN_FRAMEWORK_HEADER = YES;
				CLANG_WARN_RANGE_LOOP_ANALYSIS = YES;
				CLANG_WARN_STRICT_PROTOTYPES = YES;
				CLANG_WARN_SUSPICIOUS_MOVE = YES;
				CLANG_WARN_UNGUARDED_AVAILABILITY = YES_AGGRESSIVE;
				CLANG_WARN_UNREACHABLE_CODE = YES;
				CLANG_WARN__DUPLICATE_METHOD_MATCH = YES;
				COPY_PHASE_STRIP = NO;
				DEBUG_INFORMATION_FORMAT = "dwarf-with-dsym";
				ENABLE_NS_ASSERTIONS = NO;
				ENABLE_STRICT_OBJC_MSGSEND = YES;
				GCC_C_LANGUAGE_STANDARD = gnu11;
				GCC_NO_COMMON_BLOCKS = YES;
				GCC_WARN_64_TO_32_BIT_CONVERSION = YES;
				GCC_WARN_ABOUT_RETURN_TYPE = YES_ERROR;
				GCC_WARN_UNDECLARED_SELECTOR = YES;
				GCC_WARN_UNINITIALIZED_AUTOS = YES_AGGRESSIVE;
				GCC_WARN_UNUSED_FUNCTION = YES;
				GCC_WARN_UNUSED_VARIABLE = YES;
				IPHONEOS_DEPLOYMENT_TARGET = 15.0;
				MTL_ENABLE_DEBUG_INFO = NO;
				MTL_FAST_MATH = YES;
				SDKROOT = iphoneos;
				SWIFT_COMPILATION_MODE = wholemodule;
				SWIFT_OPTIMIZATION_LEVEL = "-O";
				VALIDATE_PRODUCT = YES;
			};
			name = Release;
		};
		86158459273AB37000A37B86 /* Debug */ = {
			isa = XCBuildConfiguration;
			buildSettings = {
				ASSETCATALOG_COMPILER_APPICON_NAME = AppIcon;
				ASSETCATALOG_COMPILER_GLOBAL_ACCENT_COLOR_NAME = AccentColor;
				CODE_SIGN_STYLE = Automatic;
				CURRENT_PROJECT_VERSION = 1;
				DEVELOPMENT_ASSET_PATHS = "\"Touchdown/Preview Content\"";
				DEVELOPMENT_TEAM = B453YZ4Z55;
				ENABLE_PREVIEWS = YES;
				GENERATE_INFOPLIST_FILE = YES;
				INFOPLIST_FILE = Touchdown/Info.plist;
				INFOPLIST_KEY_UIApplicationSceneManifest_Generation = YES;
				INFOPLIST_KEY_UIApplicationSupportsIndirectInputEvents = YES;
				INFOPLIST_KEY_UISupportedInterfaceOrientations = UIInterfaceOrientationPortrait;
				INFOPLIST_KEY_UISupportedInterfaceOrientations_iPad = "UIInterfaceOrientationPortrait UIInterfaceOrientationPortraitUpsideDown UIInterfaceOrientationLandscapeLeft UIInterfaceOrientationLandscapeRight";
				INFOPLIST_KEY_UISupportedInterfaceOrientations_iPhone = UIInterfaceOrientationPortrait;
				INFOPLIST_KEY_UIUserInterfaceStyle = Light;
				LD_RUNPATH_SEARCH_PATHS = (
					"$(inherited)",
					"@executable_path/Frameworks",
				);
				MARKETING_VERSION = 1.0;
				PRODUCT_BUNDLE_IDENTIFIER = com.perunit.Touchdown;
				PRODUCT_NAME = "$(TARGET_NAME)";
				SWIFT_EMIT_LOC_STRINGS = YES;
				SWIFT_VERSION = 5.0;
				TARGETED_DEVICE_FAMILY = "1,2";
			};
			name = Debug;
		};
		8615845A273AB37000A37B86 /* Release */ = {
			isa = XCBuildConfiguration;
			buildSettings = {
				ASSETCATALOG_COMPILER_APPICON_NAME = AppIcon;
				ASSETCATALOG_COMPILER_GLOBAL_ACCENT_COLOR_NAME = AccentColor;
				CODE_SIGN_STYLE = Automatic;
				CURRENT_PROJECT_VERSION = 1;
				DEVELOPMENT_ASSET_PATHS = "\"Touchdown/Preview Content\"";
				DEVELOPMENT_TEAM = B453YZ4Z55;
				ENABLE_PREVIEWS = YES;
				GENERATE_INFOPLIST_FILE = YES;
				INFOPLIST_FILE = Touchdown/Info.plist;
				INFOPLIST_KEY_UIApplicationSceneManifest_Generation = YES;
				INFOPLIST_KEY_UIApplicationSupportsIndirectInputEvents = YES;
				INFOPLIST_KEY_UISupportedInterfaceOrientations = UIInterfaceOrientationPortrait;
				INFOPLIST_KEY_UISupportedInterfaceOrientations_iPad = "UIInterfaceOrientationPortrait UIInterfaceOrientationPortraitUpsideDown UIInterfaceOrientationLandscapeLeft UIInterfaceOrientationLandscapeRight";
				INFOPLIST_KEY_UISupportedInterfaceOrientations_iPhone = UIInterfaceOrientationPortrait;
				INFOPLIST_KEY_UIUserInterfaceStyle = Light;
				LD_RUNPATH_SEARCH_PATHS = (
					"$(inherited)",
					"@executable_path/Frameworks",
				);
				MARKETING_VERSION = 1.0;
				PRODUCT_BUNDLE_IDENTIFIER = com.perunit.Touchdown;
				PRODUCT_NAME = "$(TARGET_NAME)";
				SWIFT_EMIT_LOC_STRINGS = YES;
				SWIFT_VERSION = 5.0;
				TARGETED_DEVICE_FAMILY = "1,2";
			};
			name = Release;
		};
/* End XCBuildConfiguration section */

/* Begin XCConfigurationList section */
		86158445273AB36D00A37B86 /* Build configuration list for PBXProject "Touchdown" */ = {
			isa = XCConfigurationList;
			buildConfigurations = (
				86158456273AB37000A37B86 /* Debug */,
				86158457273AB37000A37B86 /* Release */,
			);
			defaultConfigurationIsVisible = 0;
			defaultConfigurationName = Release;
		};
		86158458273AB37000A37B86 /* Build configuration list for PBXNativeTarget "Touchdown" */ = {
			isa = XCConfigurationList;
			buildConfigurations = (
				86158459273AB37000A37B86 /* Debug */,
				8615845A273AB37000A37B86 /* Release */,
			);
			defaultConfigurationIsVisible = 0;
			defaultConfigurationName = Release;
		};
/* End XCConfigurationList section */
	};
	rootObject = 86158442273AB36D00A37B86 /* Project object */;
}
